
Microsoft Visual Studio Solution File, Format Version 12.00
# Visual Studio Version 17
VisualStudioVersion = 17.6.33829.357
MinimumVisualStudioVersion = 10.0.40219.1
Project("{FAE04EC0-301F-11D3-BF4B-00C04F79EFBC}") = "ObserverDeignPatternPOC", "ObserverDeignPatternPOC\ObserverDeignPatternPOC.csproj", "{D568BE9C-BEA9-4D7C-BA9F-4051930391C6}"
EndProject
Global
	GlobalSection(SolutionConfigurationPlatforms) = preSolution
		Debug|Any CPU = Debug|Any CPU
		Release|Any CPU = Release|Any CPU
	EndGlobalSection
	GlobalSection(ProjectConfigurationPlatforms) = postSolution
		{D568BE9C-BEA9-4D7C-BA9F-4051930391C6}.Debug|Any CPU.ActiveCfg = Debug|Any CPU
		{D568BE9C-BEA9-4D7C-BA9F-4051930391C6}.Debug|Any CPU.Build.0 = Debug|Any CPU
		{D568BE9C-BEA9-4D7C-BA9F-4051930391C6}.Release|Any CPU.ActiveCfg = Release|Any CPU
		{D568BE9C-BEA9-4D7C-BA9F-4051930391C6}.Release|Any CPU.Build.0 = Release|Any CPU
	EndGlobalSection
	GlobalSection(SolutionProperties) = preSolution
		HideSolutionNode = FALSE
	EndGlobalSection
	GlobalSection(ExtensibilityGlobals) = postSolution
		SolutionGuid = {579BC2AE-C332-4CCC-A174-6B4BA0396579}
	EndGlobalSection
EndGlobal
